// !$*UTF8*$!
{
	archiveVersion = 1;
	classes = {
	};
	objectVersion = 48;
	objects = {

/* Begin PBXBuildFile section */
		5D432FFB1FBB5CE00094005C /* Store.swift in Sources */ = {isa = PBXBuildFile; fileRef = 5D432FFA1FBB5CE00094005C /* Store.swift */; };
		5D7D81EE1FBA4F3900998B67 /* CompanyProfile.swift in Sources */ = {isa = PBXBuildFile; fileRef = 5D7D81ED1FBA4F3900998B67 /* CompanyProfile.swift */; };
		5D7D81F01FBA4FC900998B67 /* Listing.swift in Sources */ = {isa = PBXBuildFile; fileRef = 5D7D81EF1FBA4FC900998B67 /* Listing.swift */; };
		5D7D81F41FBA522E00998B67 /* String+UES.swift in Sources */ = {isa = PBXBuildFile; fileRef = 5D7D81F31FBA522E00998B67 /* String+UES.swift */; };
		5D7D81F61FBA5C6500998B67 /* Constants.swift in Sources */ = {isa = PBXBuildFile; fileRef = 5D7D81F51FBA5C6500998B67 /* Constants.swift */; };
		5D917ECB1FBA4AA0004BD9AC /* User.swift in Sources */ = {isa = PBXBuildFile; fileRef = 5D917ECA1FBA4AA0004BD9AC /* User.swift */; };
		B63DCF96554579D6ED9AAD76 /* Pods_USTrustEquipmentSellerUITests.framework in Frameworks */ = {isa = PBXBuildFile; fileRef = CE00F46DBF7E7FD4CB0B83A8 /* Pods_USTrustEquipmentSellerUITests.framework */; };
		D4B8E9CF236B932ACAA4F8AF /* Pods_USTrustEquipmentSellerTests.framework in Frameworks */ = {isa = PBXBuildFile; fileRef = DAFD8B9A30AC24FA8C74C66B /* Pods_USTrustEquipmentSellerTests.framework */; };
		D65346530E477CC9C59B622A /* Pods_USTrustEquipmentSeller.framework in Frameworks */ = {isa = PBXBuildFile; fileRef = 7DC235CFFC26022142FB369D /* Pods_USTrustEquipmentSeller.framework */; };
		FD3133DC1FB504E7002BCA23 /* AppDelegate.swift in Sources */ = {isa = PBXBuildFile; fileRef = FD3133DB1FB504E7002BCA23 /* AppDelegate.swift */; };
		FD3133E11FB504E7002BCA23 /* Main.storyboard in Resources */ = {isa = PBXBuildFile; fileRef = FD3133DF1FB504E7002BCA23 /* Main.storyboard */; };
		FD3133E31FB504E7002BCA23 /* Assets.xcassets in Resources */ = {isa = PBXBuildFile; fileRef = FD3133E21FB504E7002BCA23 /* Assets.xcassets */; };
		FD3133E61FB504E7002BCA23 /* LaunchScreen.storyboard in Resources */ = {isa = PBXBuildFile; fileRef = FD3133E41FB504E7002BCA23 /* LaunchScreen.storyboard */; };
		FD3133F11FB504E7002BCA23 /* USTrustEquipmentSellerTests.swift in Sources */ = {isa = PBXBuildFile; fileRef = FD3133F01FB504E7002BCA23 /* USTrustEquipmentSellerTests.swift */; };
		FD3133FC1FB504E7002BCA23 /* USTrustEquipmentSellerUITests.swift in Sources */ = {isa = PBXBuildFile; fileRef = FD3133FB1FB504E7002BCA23 /* USTrustEquipmentSellerUITests.swift */; };
		FD3134111FB51644002BCA23 /* GoogleService-Info.plist in Resources */ = {isa = PBXBuildFile; fileRef = FD3134101FB51644002BCA23 /* GoogleService-Info.plist */; };
		FD557F1A1FB8B8F600A52EA1 /* FirebaseController.swift in Sources */ = {isa = PBXBuildFile; fileRef = FD557F191FB8B8F600A52EA1 /* FirebaseController.swift */; };
		FD557F201FBAB51600A52EA1 /* InitialViewController.swift in Sources */ = {isa = PBXBuildFile; fileRef = FD557F1F1FBAB51600A52EA1 /* InitialViewController.swift */; };
		FD557F221FBAB52B00A52EA1 /* LoginViewController.swift in Sources */ = {isa = PBXBuildFile; fileRef = FD557F211FBAB52B00A52EA1 /* LoginViewController.swift */; };
		FD557F241FBAB54C00A52EA1 /* UserProfileViewController.swift in Sources */ = {isa = PBXBuildFile; fileRef = FD557F231FBAB54C00A52EA1 /* UserProfileViewController.swift */; };
		FD557F261FBAB55500A52EA1 /* CompanyProfileViewController.swift in Sources */ = {isa = PBXBuildFile; fileRef = FD557F251FBAB55500A52EA1 /* CompanyProfileViewController.swift */; };
		FD557F281FBAB55D00A52EA1 /* StoreProfileViewController.swift in Sources */ = {isa = PBXBuildFile; fileRef = FD557F271FBAB55D00A52EA1 /* StoreProfileViewController.swift */; };
		FD557F2A1FBAB56B00A52EA1 /* CreateListingViewController.swift in Sources */ = {isa = PBXBuildFile; fileRef = FD557F291FBAB56B00A52EA1 /* CreateListingViewController.swift */; };
		FD557F2C1FBAB5B500A52EA1 /* BrowseListingsViewController.swift in Sources */ = {isa = PBXBuildFile; fileRef = FD557F2B1FBAB5B500A52EA1 /* BrowseListingsViewController.swift */; };
		FD557F2E1FBAB5BC00A52EA1 /* ListingDetailViewController.swift in Sources */ = {isa = PBXBuildFile; fileRef = FD557F2D1FBAB5BC00A52EA1 /* ListingDetailViewController.swift */; };
		FD557F301FBAB66700A52EA1 /* Login.storyboard in Resources */ = {isa = PBXBuildFile; fileRef = FD557F2F1FBAB66600A52EA1 /* Login.storyboard */; };
		FD557F331FBAB6B000A52EA1 /* UserProfile.storyboard in Resources */ = {isa = PBXBuildFile; fileRef = FD557F321FBAB6B000A52EA1 /* UserProfile.storyboard */; };
		FD557F381FBAB6EC00A52EA1 /* CompanyProfile.storyboard in Resources */ = {isa = PBXBuildFile; fileRef = FD557F371FBAB6EC00A52EA1 /* CompanyProfile.storyboard */; };
/* End PBXBuildFile section */

/* Begin PBXContainerItemProxy section */
		FD3133ED1FB504E7002BCA23 /* PBXContainerItemProxy */ = {
			isa = PBXContainerItemProxy;
			containerPortal = FD3133D01FB504E7002BCA23 /* Project object */;
			proxyType = 1;
			remoteGlobalIDString = FD3133D71FB504E7002BCA23;
			remoteInfo = USTrustEquipmentSeller;
		};
		FD3133F81FB504E7002BCA23 /* PBXContainerItemProxy */ = {
			isa = PBXContainerItemProxy;
			containerPortal = FD3133D01FB504E7002BCA23 /* Project object */;
			proxyType = 1;
			remoteGlobalIDString = FD3133D71FB504E7002BCA23;
			remoteInfo = USTrustEquipmentSeller;
		};
/* End PBXContainerItemProxy section */

/* Begin PBXFileReference section */
		45D672E1F278B0E64DDD84B0 /* Pods-USTrustEquipmentSellerUITests.release.xcconfig */ = {isa = PBXFileReference; includeInIndex = 1; lastKnownFileType = text.xcconfig; name = "Pods-USTrustEquipmentSellerUITests.release.xcconfig"; path = "Pods/Target Support Files/Pods-USTrustEquipmentSellerUITests/Pods-USTrustEquipmentSellerUITests.release.xcconfig"; sourceTree = "<group>"; };
		48B66815514C5D2869A28116 /* Pods-USTrustEquipmentSeller.release.xcconfig */ = {isa = PBXFileReference; includeInIndex = 1; lastKnownFileType = text.xcconfig; name = "Pods-USTrustEquipmentSeller.release.xcconfig"; path = "Pods/Target Support Files/Pods-USTrustEquipmentSeller/Pods-USTrustEquipmentSeller.release.xcconfig"; sourceTree = "<group>"; };
		5C275AE25E2F63BB3CF30F5A /* Pods-USTrustEquipmentSellerTests.release.xcconfig */ = {isa = PBXFileReference; includeInIndex = 1; lastKnownFileType = text.xcconfig; name = "Pods-USTrustEquipmentSellerTests.release.xcconfig"; path = "Pods/Target Support Files/Pods-USTrustEquipmentSellerTests/Pods-USTrustEquipmentSellerTests.release.xcconfig"; sourceTree = "<group>"; };
		5D432FFA1FBB5CE00094005C /* Store.swift */ = {isa = PBXFileReference; lastKnownFileType = sourcecode.swift; path = Store.swift; sourceTree = "<group>"; };
		5D7D81ED1FBA4F3900998B67 /* CompanyProfile.swift */ = {isa = PBXFileReference; lastKnownFileType = sourcecode.swift; path = CompanyProfile.swift; sourceTree = "<group>"; };
		5D7D81EF1FBA4FC900998B67 /* Listing.swift */ = {isa = PBXFileReference; lastKnownFileType = sourcecode.swift; path = Listing.swift; sourceTree = "<group>"; };
		5D7D81F31FBA522E00998B67 /* String+UES.swift */ = {isa = PBXFileReference; lastKnownFileType = sourcecode.swift; path = "String+UES.swift"; sourceTree = "<group>"; };
		5D7D81F51FBA5C6500998B67 /* Constants.swift */ = {isa = PBXFileReference; lastKnownFileType = sourcecode.swift; path = Constants.swift; sourceTree = "<group>"; };
		5D917ECA1FBA4AA0004BD9AC /* User.swift */ = {isa = PBXFileReference; lastKnownFileType = sourcecode.swift; path = User.swift; sourceTree = "<group>"; };
		7DC235CFFC26022142FB369D /* Pods_USTrustEquipmentSeller.framework */ = {isa = PBXFileReference; explicitFileType = wrapper.framework; includeInIndex = 0; path = Pods_USTrustEquipmentSeller.framework; sourceTree = BUILT_PRODUCTS_DIR; };
		8EDB12539C19074B5AC36091 /* Pods-USTrustEquipmentSeller.debug.xcconfig */ = {isa = PBXFileReference; includeInIndex = 1; lastKnownFileType = text.xcconfig; name = "Pods-USTrustEquipmentSeller.debug.xcconfig"; path = "Pods/Target Support Files/Pods-USTrustEquipmentSeller/Pods-USTrustEquipmentSeller.debug.xcconfig"; sourceTree = "<group>"; };
		A767C92D9303633DF0E291AC /* Pods-USTrustEquipmentSellerTests.debug.xcconfig */ = {isa = PBXFileReference; includeInIndex = 1; lastKnownFileType = text.xcconfig; name = "Pods-USTrustEquipmentSellerTests.debug.xcconfig"; path = "Pods/Target Support Files/Pods-USTrustEquipmentSellerTests/Pods-USTrustEquipmentSellerTests.debug.xcconfig"; sourceTree = "<group>"; };
		CE00F46DBF7E7FD4CB0B83A8 /* Pods_USTrustEquipmentSellerUITests.framework */ = {isa = PBXFileReference; explicitFileType = wrapper.framework; includeInIndex = 0; path = Pods_USTrustEquipmentSellerUITests.framework; sourceTree = BUILT_PRODUCTS_DIR; };
		D4E40B0CFDE04CC15C2A6A35 /* Pods-USTrustEquipmentSellerUITests.debug.xcconfig */ = {isa = PBXFileReference; includeInIndex = 1; lastKnownFileType = text.xcconfig; name = "Pods-USTrustEquipmentSellerUITests.debug.xcconfig"; path = "Pods/Target Support Files/Pods-USTrustEquipmentSellerUITests/Pods-USTrustEquipmentSellerUITests.debug.xcconfig"; sourceTree = "<group>"; };
		DAFD8B9A30AC24FA8C74C66B /* Pods_USTrustEquipmentSellerTests.framework */ = {isa = PBXFileReference; explicitFileType = wrapper.framework; includeInIndex = 0; path = Pods_USTrustEquipmentSellerTests.framework; sourceTree = BUILT_PRODUCTS_DIR; };
		FD3133D81FB504E7002BCA23 /* USTrustEquipmentSeller.app */ = {isa = PBXFileReference; explicitFileType = wrapper.application; includeInIndex = 0; path = USTrustEquipmentSeller.app; sourceTree = BUILT_PRODUCTS_DIR; };
		FD3133DB1FB504E7002BCA23 /* AppDelegate.swift */ = {isa = PBXFileReference; lastKnownFileType = sourcecode.swift; path = AppDelegate.swift; sourceTree = "<group>"; };
		FD3133E01FB504E7002BCA23 /* Base */ = {isa = PBXFileReference; lastKnownFileType = file.storyboard; name = Base; path = Base.lproj/Main.storyboard; sourceTree = "<group>"; };
		FD3133E21FB504E7002BCA23 /* Assets.xcassets */ = {isa = PBXFileReference; lastKnownFileType = folder.assetcatalog; path = Assets.xcassets; sourceTree = "<group>"; };
		FD3133E51FB504E7002BCA23 /* Base */ = {isa = PBXFileReference; lastKnownFileType = file.storyboard; name = Base; path = Base.lproj/LaunchScreen.storyboard; sourceTree = "<group>"; };
		FD3133E71FB504E7002BCA23 /* Info.plist */ = {isa = PBXFileReference; lastKnownFileType = text.plist.xml; path = Info.plist; sourceTree = "<group>"; };
		FD3133EC1FB504E7002BCA23 /* USTrustEquipmentSellerTests.xctest */ = {isa = PBXFileReference; explicitFileType = wrapper.cfbundle; includeInIndex = 0; path = USTrustEquipmentSellerTests.xctest; sourceTree = BUILT_PRODUCTS_DIR; };
		FD3133F01FB504E7002BCA23 /* USTrustEquipmentSellerTests.swift */ = {isa = PBXFileReference; lastKnownFileType = sourcecode.swift; path = USTrustEquipmentSellerTests.swift; sourceTree = "<group>"; };
		FD3133F21FB504E7002BCA23 /* Info.plist */ = {isa = PBXFileReference; lastKnownFileType = text.plist.xml; path = Info.plist; sourceTree = "<group>"; };
		FD3133F71FB504E7002BCA23 /* USTrustEquipmentSellerUITests.xctest */ = {isa = PBXFileReference; explicitFileType = wrapper.cfbundle; includeInIndex = 0; path = USTrustEquipmentSellerUITests.xctest; sourceTree = BUILT_PRODUCTS_DIR; };
		FD3133FB1FB504E7002BCA23 /* USTrustEquipmentSellerUITests.swift */ = {isa = PBXFileReference; lastKnownFileType = sourcecode.swift; path = USTrustEquipmentSellerUITests.swift; sourceTree = "<group>"; };
		FD3133FD1FB504E7002BCA23 /* Info.plist */ = {isa = PBXFileReference; lastKnownFileType = text.plist.xml; path = Info.plist; sourceTree = "<group>"; };
		FD3134101FB51644002BCA23 /* GoogleService-Info.plist */ = {isa = PBXFileReference; fileEncoding = 4; lastKnownFileType = text.plist.xml; path = "GoogleService-Info.plist"; sourceTree = "<group>"; };
		FD557F191FB8B8F600A52EA1 /* FirebaseController.swift */ = {isa = PBXFileReference; lastKnownFileType = sourcecode.swift; path = FirebaseController.swift; sourceTree = "<group>"; };
		FD557F1F1FBAB51600A52EA1 /* InitialViewController.swift */ = {isa = PBXFileReference; lastKnownFileType = sourcecode.swift; path = InitialViewController.swift; sourceTree = "<group>"; };
		FD557F211FBAB52B00A52EA1 /* LoginViewController.swift */ = {isa = PBXFileReference; lastKnownFileType = sourcecode.swift; path = LoginViewController.swift; sourceTree = "<group>"; };
		FD557F231FBAB54C00A52EA1 /* UserProfileViewController.swift */ = {isa = PBXFileReference; lastKnownFileType = sourcecode.swift; path = UserProfileViewController.swift; sourceTree = "<group>"; };
		FD557F251FBAB55500A52EA1 /* CompanyProfileViewController.swift */ = {isa = PBXFileReference; lastKnownFileType = sourcecode.swift; path = CompanyProfileViewController.swift; sourceTree = "<group>"; };
		FD557F271FBAB55D00A52EA1 /* StoreProfileViewController.swift */ = {isa = PBXFileReference; lastKnownFileType = sourcecode.swift; path = StoreProfileViewController.swift; sourceTree = "<group>"; };
		FD557F291FBAB56B00A52EA1 /* CreateListingViewController.swift */ = {isa = PBXFileReference; lastKnownFileType = sourcecode.swift; path = CreateListingViewController.swift; sourceTree = "<group>"; };
		FD557F2B1FBAB5B500A52EA1 /* BrowseListingsViewController.swift */ = {isa = PBXFileReference; lastKnownFileType = sourcecode.swift; path = BrowseListingsViewController.swift; sourceTree = "<group>"; };
		FD557F2D1FBAB5BC00A52EA1 /* ListingDetailViewController.swift */ = {isa = PBXFileReference; lastKnownFileType = sourcecode.swift; path = ListingDetailViewController.swift; sourceTree = "<group>"; };
		FD557F2F1FBAB66600A52EA1 /* Login.storyboard */ = {isa = PBXFileReference; fileEncoding = 4; lastKnownFileType = file.storyboard; path = Login.storyboard; sourceTree = "<group>"; };
		FD557F321FBAB6B000A52EA1 /* UserProfile.storyboard */ = {isa = PBXFileReference; fileEncoding = 4; lastKnownFileType = file.storyboard; path = UserProfile.storyboard; sourceTree = "<group>"; };
		FD557F371FBAB6EC00A52EA1 /* CompanyProfile.storyboard */ = {isa = PBXFileReference; fileEncoding = 4; lastKnownFileType = file.storyboard; path = CompanyProfile.storyboard; sourceTree = "<group>"; };
		FD557F391FBAB70800A52EA1 /* StoreProfile.storyboard */ = {isa = PBXFileReference; lastKnownFileType = file.storyboard; name = StoreProfile.storyboard; path = /Users/christianmcmullin/Desktop/Swift/USTrust/USTrustEquipmentSeller/USTrustEquipmentSeller/Views/StoreProfile.storyboard; sourceTree = "<absolute>"; };
		FD557F3A1FBAB7B000A52EA1 /* BrowseListings.storyboard */ = {isa = PBXFileReference; lastKnownFileType = file.storyboard; name = BrowseListings.storyboard; path = /Users/christianmcmullin/Desktop/Swift/USTrust/USTrustEquipmentSeller/USTrustEquipmentSeller/Views/BrowseListings.storyboard; sourceTree = "<absolute>"; };
		FD557F3B1FBAB7B300A52EA1 /* ListingDetail.storyboard */ = {isa = PBXFileReference; lastKnownFileType = file.storyboard; name = ListingDetail.storyboard; path = /Users/christianmcmullin/Desktop/Swift/USTrust/USTrustEquipmentSeller/USTrustEquipmentSeller/Views/ListingDetail.storyboard; sourceTree = "<absolute>"; };
		FD557F3C1FBAB7B500A52EA1 /* CreateListing.storyboard */ = {isa = PBXFileReference; lastKnownFileType = file.storyboard; name = CreateListing.storyboard; path = /Users/christianmcmullin/Desktop/Swift/USTrust/USTrustEquipmentSeller/USTrustEquipmentSeller/Views/CreateListing.storyboard; sourceTree = "<absolute>"; };
/* End PBXFileReference section */

/* Begin PBXFrameworksBuildPhase section */
		FD3133D51FB504E7002BCA23 /* Frameworks */ = {
			isa = PBXFrameworksBuildPhase;
			buildActionMask = 2147483647;
			files = (
				D65346530E477CC9C59B622A /* Pods_USTrustEquipmentSeller.framework in Frameworks */,
			);
			runOnlyForDeploymentPostprocessing = 0;
		};
		FD3133E91FB504E7002BCA23 /* Frameworks */ = {
			isa = PBXFrameworksBuildPhase;
			buildActionMask = 2147483647;
			files = (
				D4B8E9CF236B932ACAA4F8AF /* Pods_USTrustEquipmentSellerTests.framework in Frameworks */,
			);
			runOnlyForDeploymentPostprocessing = 0;
		};
		FD3133F41FB504E7002BCA23 /* Frameworks */ = {
			isa = PBXFrameworksBuildPhase;
			buildActionMask = 2147483647;
			files = (
				B63DCF96554579D6ED9AAD76 /* Pods_USTrustEquipmentSellerUITests.framework in Frameworks */,
			);
			runOnlyForDeploymentPostprocessing = 0;
		};
/* End PBXFrameworksBuildPhase section */

/* Begin PBXGroup section */
		0999D893C7BE4C64B823248B /* Frameworks */ = {
			isa = PBXGroup;
			children = (
				7DC235CFFC26022142FB369D /* Pods_USTrustEquipmentSeller.framework */,
				DAFD8B9A30AC24FA8C74C66B /* Pods_USTrustEquipmentSellerTests.framework */,
				CE00F46DBF7E7FD4CB0B83A8 /* Pods_USTrustEquipmentSellerUITests.framework */,
			);
			name = Frameworks;
			sourceTree = "<group>";
		};
		E3A473F619F4CA501D29FE41 /* Pods */ = {
			isa = PBXGroup;
			children = (
				8EDB12539C19074B5AC36091 /* Pods-USTrustEquipmentSeller.debug.xcconfig */,
				48B66815514C5D2869A28116 /* Pods-USTrustEquipmentSeller.release.xcconfig */,
				A767C92D9303633DF0E291AC /* Pods-USTrustEquipmentSellerTests.debug.xcconfig */,
				5C275AE25E2F63BB3CF30F5A /* Pods-USTrustEquipmentSellerTests.release.xcconfig */,
				D4E40B0CFDE04CC15C2A6A35 /* Pods-USTrustEquipmentSellerUITests.debug.xcconfig */,
				45D672E1F278B0E64DDD84B0 /* Pods-USTrustEquipmentSellerUITests.release.xcconfig */,
			);
			name = Pods;
			sourceTree = "<group>";
		};
		FD3133CF1FB504E7002BCA23 = {
			isa = PBXGroup;
			children = (
				FD3133DA1FB504E7002BCA23 /* USTrustEquipmentSeller */,
				FD3133EF1FB504E7002BCA23 /* USTrustEquipmentSellerTests */,
				FD3133FA1FB504E7002BCA23 /* USTrustEquipmentSellerUITests */,
				FD3133D91FB504E7002BCA23 /* Products */,
				E3A473F619F4CA501D29FE41 /* Pods */,
				0999D893C7BE4C64B823248B /* Frameworks */,
			);
			sourceTree = "<group>";
		};
		FD3133D91FB504E7002BCA23 /* Products */ = {
			isa = PBXGroup;
			children = (
				FD3133D81FB504E7002BCA23 /* USTrustEquipmentSeller.app */,
				FD3133EC1FB504E7002BCA23 /* USTrustEquipmentSellerTests.xctest */,
				FD3133F71FB504E7002BCA23 /* USTrustEquipmentSellerUITests.xctest */,
			);
			name = Products;
			sourceTree = "<group>";
		};
		FD3133DA1FB504E7002BCA23 /* USTrustEquipmentSeller */ = {
			isa = PBXGroup;
			children = (
				FD3133DB1FB504E7002BCA23 /* AppDelegate.swift */,
				FD3134101FB51644002BCA23 /* GoogleService-Info.plist */,
				FD3133E71FB504E7002BCA23 /* Info.plist */,
				FD31340D1FB50808002BCA23 /* Models */,
				FD31340C1FB50807002BCA23 /* ModelControllers */,
				FD31340B1FB50806002BCA23 /* ViewControllers */,
				FD31340A1FB50805002BCA23 /* Views */,
				FD31340F1FB50D7B002BCA23 /* Resources */,
			);
			path = USTrustEquipmentSeller;
			sourceTree = "<group>";
		};
		FD3133EF1FB504E7002BCA23 /* USTrustEquipmentSellerTests */ = {
			isa = PBXGroup;
			children = (
				FD3133F01FB504E7002BCA23 /* USTrustEquipmentSellerTests.swift */,
				FD3133F21FB504E7002BCA23 /* Info.plist */,
			);
			path = USTrustEquipmentSellerTests;
			sourceTree = "<group>";
		};
		FD3133FA1FB504E7002BCA23 /* USTrustEquipmentSellerUITests */ = {
			isa = PBXGroup;
			children = (
				FD3133FB1FB504E7002BCA23 /* USTrustEquipmentSellerUITests.swift */,
				FD3133FD1FB504E7002BCA23 /* Info.plist */,
			);
			path = USTrustEquipmentSellerUITests;
			sourceTree = "<group>";
		};
		FD3134091FB50803002BCA23 /* Helpers */ = {
			isa = PBXGroup;
			children = (
				FD31340E1FB50D5F002BCA23 /* Extensions */,
				FD557F191FB8B8F600A52EA1 /* FirebaseController.swift */,
				5D7D81F51FBA5C6500998B67 /* Constants.swift */,
			);
			path = Helpers;
			sourceTree = "<group>";
		};
		FD31340A1FB50805002BCA23 /* Views */ = {
			isa = PBXGroup;
			children = (
				FD557F3A1FBAB7B000A52EA1 /* BrowseListings.storyboard */,
				FD557F3C1FBAB7B500A52EA1 /* CreateListing.storyboard */,
				FD557F3B1FBAB7B300A52EA1 /* ListingDetail.storyboard */,
				FD557F391FBAB70800A52EA1 /* StoreProfile.storyboard */,
				FD557F371FBAB6EC00A52EA1 /* CompanyProfile.storyboard */,
				FD557F321FBAB6B000A52EA1 /* UserProfile.storyboard */,
				FD557F2F1FBAB66600A52EA1 /* Login.storyboard */,
				FD3133DF1FB504E7002BCA23 /* Main.storyboard */,
				FD3133E41FB504E7002BCA23 /* LaunchScreen.storyboard */,
			);
			path = Views;
			sourceTree = "<group>";
		};
		FD31340B1FB50806002BCA23 /* ViewControllers */ = {
			isa = PBXGroup;
			children = (
				FD557F1F1FBAB51600A52EA1 /* InitialViewController.swift */,
				FD557F211FBAB52B00A52EA1 /* LoginViewController.swift */,
				FD557F231FBAB54C00A52EA1 /* UserProfileViewController.swift */,
				FD557F251FBAB55500A52EA1 /* CompanyProfileViewController.swift */,
				FD557F271FBAB55D00A52EA1 /* StoreProfileViewController.swift */,
				FD557F291FBAB56B00A52EA1 /* CreateListingViewController.swift */,
				FD557F2B1FBAB5B500A52EA1 /* BrowseListingsViewController.swift */,
				FD557F2D1FBAB5BC00A52EA1 /* ListingDetailViewController.swift */,
			);
			path = ViewControllers;
			sourceTree = "<group>";
		};
		FD31340C1FB50807002BCA23 /* ModelControllers */ = {
			isa = PBXGroup;
			children = (
			);
			path = ModelControllers;
			sourceTree = "<group>";
		};
		FD31340D1FB50808002BCA23 /* Models */ = {
			isa = PBXGroup;
			children = (
				5D432FFA1FBB5CE00094005C /* Store.swift */,
				5D917ECA1FBA4AA0004BD9AC /* User.swift */,
				5D7D81EF1FBA4FC900998B67 /* Listing.swift */,
				5D7D81ED1FBA4F3900998B67 /* CompanyProfile.swift */,
			);
			path = Models;
			sourceTree = "<group>";
		};
		FD31340E1FB50D5F002BCA23 /* Extensions */ = {
			isa = PBXGroup;
			children = (
				5D7D81F31FBA522E00998B67 /* String+UES.swift */,
			);
			path = Extensions;
			sourceTree = "<group>";
		};
		FD31340F1FB50D7B002BCA23 /* Resources */ = {
			isa = PBXGroup;
			children = (
				FD3134091FB50803002BCA23 /* Helpers */,
				FD3133E21FB504E7002BCA23 /* Assets.xcassets */,
			);
			path = Resources;
			sourceTree = "<group>";
		};
/* End PBXGroup section */

/* Begin PBXNativeTarget section */
		FD3133D71FB504E7002BCA23 /* USTrustEquipmentSeller */ = {
			isa = PBXNativeTarget;
			buildConfigurationList = FD3134001FB504E7002BCA23 /* Build configuration list for PBXNativeTarget "USTrustEquipmentSeller" */;
			buildPhases = (
				8C52549708AF6274D57AD142 /* [CP] Check Pods Manifest.lock */,
				FD3133D41FB504E7002BCA23 /* Sources */,
				FD3133D51FB504E7002BCA23 /* Frameworks */,
				FD3133D61FB504E7002BCA23 /* Resources */,
				43896E1F6FEFBCE659C71C99 /* [CP] Embed Pods Frameworks */,
				4EBE47FAE3136ADD49E0A6BF /* [CP] Copy Pods Resources */,
			);
			buildRules = (
			);
			dependencies = (
			);
			name = USTrustEquipmentSeller;
			productName = USTrustEquipmentSeller;
			productReference = FD3133D81FB504E7002BCA23 /* USTrustEquipmentSeller.app */;
			productType = "com.apple.product-type.application";
		};
		FD3133EB1FB504E7002BCA23 /* USTrustEquipmentSellerTests */ = {
			isa = PBXNativeTarget;
			buildConfigurationList = FD3134031FB504E7002BCA23 /* Build configuration list for PBXNativeTarget "USTrustEquipmentSellerTests" */;
			buildPhases = (
				77684E54334578F645328D6D /* [CP] Check Pods Manifest.lock */,
				FD3133E81FB504E7002BCA23 /* Sources */,
				FD3133E91FB504E7002BCA23 /* Frameworks */,
				FD3133EA1FB504E7002BCA23 /* Resources */,
				650EF509CB9E7EDF5233E302 /* [CP] Embed Pods Frameworks */,
				815BF01140C03F02B8541649 /* [CP] Copy Pods Resources */,
			);
			buildRules = (
			);
			dependencies = (
				FD3133EE1FB504E7002BCA23 /* PBXTargetDependency */,
			);
			name = USTrustEquipmentSellerTests;
			productName = USTrustEquipmentSellerTests;
			productReference = FD3133EC1FB504E7002BCA23 /* USTrustEquipmentSellerTests.xctest */;
			productType = "com.apple.product-type.bundle.unit-test";
		};
		FD3133F61FB504E7002BCA23 /* USTrustEquipmentSellerUITests */ = {
			isa = PBXNativeTarget;
			buildConfigurationList = FD3134061FB504E7002BCA23 /* Build configuration list for PBXNativeTarget "USTrustEquipmentSellerUITests" */;
			buildPhases = (
				F46940108EDBE83C6022E304 /* [CP] Check Pods Manifest.lock */,
				FD3133F31FB504E7002BCA23 /* Sources */,
				FD3133F41FB504E7002BCA23 /* Frameworks */,
				FD3133F51FB504E7002BCA23 /* Resources */,
				7C7884E5454FAC6C9729262A /* [CP] Embed Pods Frameworks */,
				337E34DB8001E20F1C20BD86 /* [CP] Copy Pods Resources */,
			);
			buildRules = (
			);
			dependencies = (
				FD3133F91FB504E7002BCA23 /* PBXTargetDependency */,
			);
			name = USTrustEquipmentSellerUITests;
			productName = USTrustEquipmentSellerUITests;
			productReference = FD3133F71FB504E7002BCA23 /* USTrustEquipmentSellerUITests.xctest */;
			productType = "com.apple.product-type.bundle.ui-testing";
		};
/* End PBXNativeTarget section */

/* Begin PBXProject section */
		FD3133D01FB504E7002BCA23 /* Project object */ = {
			isa = PBXProject;
			attributes = {
				LastSwiftUpdateCheck = 0910;
				LastUpgradeCheck = 0910;
				ORGANIZATIONNAME = "Christian McMullin";
				TargetAttributes = {
					FD3133D71FB504E7002BCA23 = {
						CreatedOnToolsVersion = 9.1;
						ProvisioningStyle = Automatic;
					};
					FD3133EB1FB504E7002BCA23 = {
						CreatedOnToolsVersion = 9.1;
						ProvisioningStyle = Automatic;
						TestTargetID = FD3133D71FB504E7002BCA23;
					};
					FD3133F61FB504E7002BCA23 = {
						CreatedOnToolsVersion = 9.1;
						ProvisioningStyle = Automatic;
						TestTargetID = FD3133D71FB504E7002BCA23;
					};
				};
			};
			buildConfigurationList = FD3133D31FB504E7002BCA23 /* Build configuration list for PBXProject "USTrustEquipmentSeller" */;
			compatibilityVersion = "Xcode 8.0";
			developmentRegion = en;
			hasScannedForEncodings = 0;
			knownRegions = (
				en,
				Base,
			);
			mainGroup = FD3133CF1FB504E7002BCA23;
			productRefGroup = FD3133D91FB504E7002BCA23 /* Products */;
			projectDirPath = "";
			projectRoot = "";
			targets = (
				FD3133D71FB504E7002BCA23 /* USTrustEquipmentSeller */,
				FD3133EB1FB504E7002BCA23 /* USTrustEquipmentSellerTests */,
				FD3133F61FB504E7002BCA23 /* USTrustEquipmentSellerUITests */,
			);
		};
/* End PBXProject section */

/* Begin PBXResourcesBuildPhase section */
		FD3133D61FB504E7002BCA23 /* Resources */ = {
			isa = PBXResourcesBuildPhase;
			buildActionMask = 2147483647;
			files = (
				FD3133E61FB504E7002BCA23 /* LaunchScreen.storyboard in Resources */,
				FD557F381FBAB6EC00A52EA1 /* CompanyProfile.storyboard in Resources */,
				FD3134111FB51644002BCA23 /* GoogleService-Info.plist in Resources */,
				FD3133E31FB504E7002BCA23 /* Assets.xcassets in Resources */,
				FD557F331FBAB6B000A52EA1 /* UserProfile.storyboard in Resources */,
				FD557F301FBAB66700A52EA1 /* Login.storyboard in Resources */,
				FD3133E11FB504E7002BCA23 /* Main.storyboard in Resources */,
			);
			runOnlyForDeploymentPostprocessing = 0;
		};
		FD3133EA1FB504E7002BCA23 /* Resources */ = {
			isa = PBXResourcesBuildPhase;
			buildActionMask = 2147483647;
			files = (
			);
			runOnlyForDeploymentPostprocessing = 0;
		};
		FD3133F51FB504E7002BCA23 /* Resources */ = {
			isa = PBXResourcesBuildPhase;
			buildActionMask = 2147483647;
			files = (
			);
			runOnlyForDeploymentPostprocessing = 0;
		};
/* End PBXResourcesBuildPhase section */

/* Begin PBXShellScriptBuildPhase section */
		337E34DB8001E20F1C20BD86 /* [CP] Copy Pods Resources */ = {
			isa = PBXShellScriptBuildPhase;
			buildActionMask = 2147483647;
			files = (
			);
			inputPaths = (
			);
			name = "[CP] Copy Pods Resources";
			outputPaths = (
			);
			runOnlyForDeploymentPostprocessing = 0;
			shellPath = /bin/sh;
			shellScript = "\"${SRCROOT}/Pods/Target Support Files/Pods-USTrustEquipmentSellerUITests/Pods-USTrustEquipmentSellerUITests-resources.sh\"\n";
			showEnvVarsInLog = 0;
		};
		43896E1F6FEFBCE659C71C99 /* [CP] Embed Pods Frameworks */ = {
			isa = PBXShellScriptBuildPhase;
			buildActionMask = 2147483647;
			files = (
			);
			inputPaths = (
				"${SRCROOT}/Pods/Target Support Files/Pods-USTrustEquipmentSeller/Pods-USTrustEquipmentSeller-frameworks.sh",
				"${BUILT_PRODUCTS_DIR}/GTMSessionFetcher/GTMSessionFetcher.framework",
				"${BUILT_PRODUCTS_DIR}/GoogleToolboxForMac/GoogleToolboxForMac.framework",
				"${BUILT_PRODUCTS_DIR}/nanopb/nanopb.framework",
			);
			name = "[CP] Embed Pods Frameworks";
			outputPaths = (
				"${TARGET_BUILD_DIR}/${FRAMEWORKS_FOLDER_PATH}/GTMSessionFetcher.framework",
				"${TARGET_BUILD_DIR}/${FRAMEWORKS_FOLDER_PATH}/GoogleToolboxForMac.framework",
				"${TARGET_BUILD_DIR}/${FRAMEWORKS_FOLDER_PATH}/nanopb.framework",
			);
			runOnlyForDeploymentPostprocessing = 0;
			shellPath = /bin/sh;
			shellScript = "\"${SRCROOT}/Pods/Target Support Files/Pods-USTrustEquipmentSeller/Pods-USTrustEquipmentSeller-frameworks.sh\"\n";
			showEnvVarsInLog = 0;
		};
		4EBE47FAE3136ADD49E0A6BF /* [CP] Copy Pods Resources */ = {
			isa = PBXShellScriptBuildPhase;
			buildActionMask = 2147483647;
			files = (
			);
			inputPaths = (
			);
			name = "[CP] Copy Pods Resources";
			outputPaths = (
			);
			runOnlyForDeploymentPostprocessing = 0;
			shellPath = /bin/sh;
			shellScript = "\"${SRCROOT}/Pods/Target Support Files/Pods-USTrustEquipmentSeller/Pods-USTrustEquipmentSeller-resources.sh\"\n";
			showEnvVarsInLog = 0;
		};
		650EF509CB9E7EDF5233E302 /* [CP] Embed Pods Frameworks */ = {
			isa = PBXShellScriptBuildPhase;
			buildActionMask = 2147483647;
			files = (
			);
			inputPaths = (
			);
			name = "[CP] Embed Pods Frameworks";
			outputPaths = (
			);
			runOnlyForDeploymentPostprocessing = 0;
			shellPath = /bin/sh;
			shellScript = "\"${SRCROOT}/Pods/Target Support Files/Pods-USTrustEquipmentSellerTests/Pods-USTrustEquipmentSellerTests-frameworks.sh\"\n";
			showEnvVarsInLog = 0;
		};
		77684E54334578F645328D6D /* [CP] Check Pods Manifest.lock */ = {
			isa = PBXShellScriptBuildPhase;
			buildActionMask = 2147483647;
			files = (
			);
			inputPaths = (
				"${PODS_PODFILE_DIR_PATH}/Podfile.lock",
				"${PODS_ROOT}/Manifest.lock",
			);
			name = "[CP] Check Pods Manifest.lock";
			outputPaths = (
				"$(DERIVED_FILE_DIR)/Pods-USTrustEquipmentSellerTests-checkManifestLockResult.txt",
			);
			runOnlyForDeploymentPostprocessing = 0;
			shellPath = /bin/sh;
			shellScript = "diff \"${PODS_PODFILE_DIR_PATH}/Podfile.lock\" \"${PODS_ROOT}/Manifest.lock\" > /dev/null\nif [ $? != 0 ] ; then\n    # print error to STDERR\n    echo \"error: The sandbox is not in sync with the Podfile.lock. Run 'pod install' or update your CocoaPods installation.\" >&2\n    exit 1\nfi\n# This output is used by Xcode 'outputs' to avoid re-running this script phase.\necho \"SUCCESS\" > \"${SCRIPT_OUTPUT_FILE_0}\"\n";
			showEnvVarsInLog = 0;
		};
		7C7884E5454FAC6C9729262A /* [CP] Embed Pods Frameworks */ = {
			isa = PBXShellScriptBuildPhase;
			buildActionMask = 2147483647;
			files = (
			);
			inputPaths = (
			);
			name = "[CP] Embed Pods Frameworks";
			outputPaths = (
			);
			runOnlyForDeploymentPostprocessing = 0;
			shellPath = /bin/sh;
			shellScript = "\"${SRCROOT}/Pods/Target Support Files/Pods-USTrustEquipmentSellerUITests/Pods-USTrustEquipmentSellerUITests-frameworks.sh\"\n";
			showEnvVarsInLog = 0;
		};
		815BF01140C03F02B8541649 /* [CP] Copy Pods Resources */ = {
			isa = PBXShellScriptBuildPhase;
			buildActionMask = 2147483647;
			files = (
			);
			inputPaths = (
			);
			name = "[CP] Copy Pods Resources";
			outputPaths = (
			);
			runOnlyForDeploymentPostprocessing = 0;
			shellPath = /bin/sh;
			shellScript = "\"${SRCROOT}/Pods/Target Support Files/Pods-USTrustEquipmentSellerTests/Pods-USTrustEquipmentSellerTests-resources.sh\"\n";
			showEnvVarsInLog = 0;
		};
		8C52549708AF6274D57AD142 /* [CP] Check Pods Manifest.lock */ = {
			isa = PBXShellScriptBuildPhase;
			buildActionMask = 2147483647;
			files = (
			);
			inputPaths = (
				"${PODS_PODFILE_DIR_PATH}/Podfile.lock",
				"${PODS_ROOT}/Manifest.lock",
			);
			name = "[CP] Check Pods Manifest.lock";
			outputPaths = (
				"$(DERIVED_FILE_DIR)/Pods-USTrustEquipmentSeller-checkManifestLockResult.txt",
			);
			runOnlyForDeploymentPostprocessing = 0;
			shellPath = /bin/sh;
			shellScript = "diff \"${PODS_PODFILE_DIR_PATH}/Podfile.lock\" \"${PODS_ROOT}/Manifest.lock\" > /dev/null\nif [ $? != 0 ] ; then\n    # print error to STDERR\n    echo \"error: The sandbox is not in sync with the Podfile.lock. Run 'pod install' or update your CocoaPods installation.\" >&2\n    exit 1\nfi\n# This output is used by Xcode 'outputs' to avoid re-running this script phase.\necho \"SUCCESS\" > \"${SCRIPT_OUTPUT_FILE_0}\"\n";
			showEnvVarsInLog = 0;
		};
		F46940108EDBE83C6022E304 /* [CP] Check Pods Manifest.lock */ = {
			isa = PBXShellScriptBuildPhase;
			buildActionMask = 2147483647;
			files = (
			);
			inputPaths = (
				"${PODS_PODFILE_DIR_PATH}/Podfile.lock",
				"${PODS_ROOT}/Manifest.lock",
			);
			name = "[CP] Check Pods Manifest.lock";
			outputPaths = (
				"$(DERIVED_FILE_DIR)/Pods-USTrustEquipmentSellerUITests-checkManifestLockResult.txt",
			);
			runOnlyForDeploymentPostprocessing = 0;
			shellPath = /bin/sh;
			shellScript = "diff \"${PODS_PODFILE_DIR_PATH}/Podfile.lock\" \"${PODS_ROOT}/Manifest.lock\" > /dev/null\nif [ $? != 0 ] ; then\n    # print error to STDERR\n    echo \"error: The sandbox is not in sync with the Podfile.lock. Run 'pod install' or update your CocoaPods installation.\" >&2\n    exit 1\nfi\n# This output is used by Xcode 'outputs' to avoid re-running this script phase.\necho \"SUCCESS\" > \"${SCRIPT_OUTPUT_FILE_0}\"\n";
			showEnvVarsInLog = 0;
		};
/* End PBXShellScriptBuildPhase section */

/* Begin PBXSourcesBuildPhase section */
		FD3133D41FB504E7002BCA23 /* Sources */ = {
			isa = PBXSourcesBuildPhase;
			buildActionMask = 2147483647;
			files = (
				FD557F281FBAB55D00A52EA1 /* StoreProfileViewController.swift in Sources */,
				FD557F221FBAB52B00A52EA1 /* LoginViewController.swift in Sources */,
				FD557F241FBAB54C00A52EA1 /* UserProfileViewController.swift in Sources */,
				5D432FFB1FBB5CE00094005C /* Store.swift in Sources */,
				FD557F261FBAB55500A52EA1 /* CompanyProfileViewController.swift in Sources */,
				FD557F2A1FBAB56B00A52EA1 /* CreateListingViewController.swift in Sources */,
				FD557F1A1FB8B8F600A52EA1 /* FirebaseController.swift in Sources */,
				FD3133DC1FB504E7002BCA23 /* AppDelegate.swift in Sources */,
				5D7D81F01FBA4FC900998B67 /* Listing.swift in Sources */,
				5D917ECB1FBA4AA0004BD9AC /* User.swift in Sources */,
				FD557F2E1FBAB5BC00A52EA1 /* ListingDetailViewController.swift in Sources */,
				FD557F2C1FBAB5B500A52EA1 /* BrowseListingsViewController.swift in Sources */,
				5D7D81F61FBA5C6500998B67 /* Constants.swift in Sources */,
				5D7D81F41FBA522E00998B67 /* String+UES.swift in Sources */,
				5D7D81EE1FBA4F3900998B67 /* CompanyProfile.swift in Sources */,
				FD557F201FBAB51600A52EA1 /* InitialViewController.swift in Sources */,
			);
			runOnlyForDeploymentPostprocessing = 0;
		};
		FD3133E81FB504E7002BCA23 /* Sources */ = {
			isa = PBXSourcesBuildPhase;
			buildActionMask = 2147483647;
			files = (
				FD3133F11FB504E7002BCA23 /* USTrustEquipmentSellerTests.swift in Sources */,
			);
			runOnlyForDeploymentPostprocessing = 0;
		};
		FD3133F31FB504E7002BCA23 /* Sources */ = {
			isa = PBXSourcesBuildPhase;
			buildActionMask = 2147483647;
			files = (
				FD3133FC1FB504E7002BCA23 /* USTrustEquipmentSellerUITests.swift in Sources */,
			);
			runOnlyForDeploymentPostprocessing = 0;
		};
/* End PBXSourcesBuildPhase section */

/* Begin PBXTargetDependency section */
		FD3133EE1FB504E7002BCA23 /* PBXTargetDependency */ = {
			isa = PBXTargetDependency;
			target = FD3133D71FB504E7002BCA23 /* USTrustEquipmentSeller */;
			targetProxy = FD3133ED1FB504E7002BCA23 /* PBXContainerItemProxy */;
		};
		FD3133F91FB504E7002BCA23 /* PBXTargetDependency */ = {
			isa = PBXTargetDependency;
			target = FD3133D71FB504E7002BCA23 /* USTrustEquipmentSeller */;
			targetProxy = FD3133F81FB504E7002BCA23 /* PBXContainerItemProxy */;
		};
/* End PBXTargetDependency section */

/* Begin PBXVariantGroup section */
		FD3133DF1FB504E7002BCA23 /* Main.storyboard */ = {
			isa = PBXVariantGroup;
			children = (
				FD3133E01FB504E7002BCA23 /* Base */,
			);
			name = Main.storyboard;
			sourceTree = "<group>";
		};
		FD3133E41FB504E7002BCA23 /* LaunchScreen.storyboard */ = {
			isa = PBXVariantGroup;
			children = (
				FD3133E51FB504E7002BCA23 /* Base */,
			);
			name = LaunchScreen.storyboard;
			sourceTree = "<group>";
		};
/* End PBXVariantGroup section */

/* Begin XCBuildConfiguration section */
		FD3133FE1FB504E7002BCA23 /* Debug */ = {
			isa = XCBuildConfiguration;
			buildSettings = {
				ALWAYS_SEARCH_USER_PATHS = NO;
				CLANG_ANALYZER_NONNULL = YES;
				CLANG_ANALYZER_NUMBER_OBJECT_CONVERSION = YES_AGGRESSIVE;
				CLANG_CXX_LANGUAGE_STANDARD = "gnu++14";
				CLANG_CXX_LIBRARY = "libc++";
				CLANG_ENABLE_MODULES = YES;
				CLANG_ENABLE_OBJC_ARC = YES;
				CLANG_WARN_BLOCK_CAPTURE_AUTORELEASING = YES;
				CLANG_WARN_BOOL_CONVERSION = YES;
				CLANG_WARN_COMMA = YES;
				CLANG_WARN_CONSTANT_CONVERSION = YES;
				CLANG_WARN_DIRECT_OBJC_ISA_USAGE = YES_ERROR;
				CLANG_WARN_DOCUMENTATION_COMMENTS = YES;
				CLANG_WARN_EMPTY_BODY = YES;
				CLANG_WARN_ENUM_CONVERSION = YES;
				CLANG_WARN_INFINITE_RECURSION = YES;
				CLANG_WARN_INT_CONVERSION = YES;
				CLANG_WARN_NON_LITERAL_NULL_CONVERSION = YES;
				CLANG_WARN_OBJC_LITERAL_CONVERSION = YES;
				CLANG_WARN_OBJC_ROOT_CLASS = YES_ERROR;
				CLANG_WARN_RANGE_LOOP_ANALYSIS = YES;
				CLANG_WARN_STRICT_PROTOTYPES = YES;
				CLANG_WARN_SUSPICIOUS_MOVE = YES;
				CLANG_WARN_UNGUARDED_AVAILABILITY = YES_AGGRESSIVE;
				CLANG_WARN_UNREACHABLE_CODE = YES;
				CLANG_WARN__DUPLICATE_METHOD_MATCH = YES;
				CODE_SIGN_IDENTITY = "iPhone Developer";
				COPY_PHASE_STRIP = NO;
				DEBUG_INFORMATION_FORMAT = dwarf;
				ENABLE_STRICT_OBJC_MSGSEND = YES;
				ENABLE_TESTABILITY = YES;
				GCC_C_LANGUAGE_STANDARD = gnu11;
				GCC_DYNAMIC_NO_PIC = NO;
				GCC_NO_COMMON_BLOCKS = YES;
				GCC_OPTIMIZATION_LEVEL = 0;
				GCC_PREPROCESSOR_DEFINITIONS = (
					"DEBUG=1",
					"$(inherited)",
				);
				GCC_WARN_64_TO_32_BIT_CONVERSION = YES;
				GCC_WARN_ABOUT_RETURN_TYPE = YES_ERROR;
				GCC_WARN_UNDECLARED_SELECTOR = YES;
				GCC_WARN_UNINITIALIZED_AUTOS = YES_AGGRESSIVE;
				GCC_WARN_UNUSED_FUNCTION = YES;
				GCC_WARN_UNUSED_VARIABLE = YES;
				IPHONEOS_DEPLOYMENT_TARGET = 11.1;
				MTL_ENABLE_DEBUG_INFO = YES;
				ONLY_ACTIVE_ARCH = YES;
				SDKROOT = iphoneos;
				SWIFT_ACTIVE_COMPILATION_CONDITIONS = DEBUG;
				SWIFT_OPTIMIZATION_LEVEL = "-Onone";
			};
			name = Debug;
		};
		FD3133FF1FB504E7002BCA23 /* Release */ = {
			isa = XCBuildConfiguration;
			buildSettings = {
				ALWAYS_SEARCH_USER_PATHS = NO;
				CLANG_ANALYZER_NONNULL = YES;
				CLANG_ANALYZER_NUMBER_OBJECT_CONVERSION = YES_AGGRESSIVE;
				CLANG_CXX_LANGUAGE_STANDARD = "gnu++14";
				CLANG_CXX_LIBRARY = "libc++";
				CLANG_ENABLE_MODULES = YES;
				CLANG_ENABLE_OBJC_ARC = YES;
				CLANG_WARN_BLOCK_CAPTURE_AUTORELEASING = YES;
				CLANG_WARN_BOOL_CONVERSION = YES;
				CLANG_WARN_COMMA = YES;
				CLANG_WARN_CONSTANT_CONVERSION = YES;
				CLANG_WARN_DIRECT_OBJC_ISA_USAGE = YES_ERROR;
				CLANG_WARN_DOCUMENTATION_COMMENTS = YES;
				CLANG_WARN_EMPTY_BODY = YES;
				CLANG_WARN_ENUM_CONVERSION = YES;
				CLANG_WARN_INFINITE_RECURSION = YES;
				CLANG_WARN_INT_CONVERSION = YES;
				CLANG_WARN_NON_LITERAL_NULL_CONVERSION = YES;
				CLANG_WARN_OBJC_LITERAL_CONVERSION = YES;
				CLANG_WARN_OBJC_ROOT_CLASS = YES_ERROR;
				CLANG_WARN_RANGE_LOOP_ANALYSIS = YES;
				CLANG_WARN_STRICT_PROTOTYPES = YES;
				CLANG_WARN_SUSPICIOUS_MOVE = YES;
				CLANG_WARN_UNGUARDED_AVAILABILITY = YES_AGGRESSIVE;
				CLANG_WARN_UNREACHABLE_CODE = YES;
				CLANG_WARN__DUPLICATE_METHOD_MATCH = YES;
				CODE_SIGN_IDENTITY = "iPhone Developer";
				COPY_PHASE_STRIP = NO;
				DEBUG_INFORMATION_FORMAT = "dwarf-with-dsym";
				ENABLE_NS_ASSERTIONS = NO;
				ENABLE_STRICT_OBJC_MSGSEND = YES;
				GCC_C_LANGUAGE_STANDARD = gnu11;
				GCC_NO_COMMON_BLOCKS = YES;
				GCC_WARN_64_TO_32_BIT_CONVERSION = YES;
				GCC_WARN_ABOUT_RETURN_TYPE = YES_ERROR;
				GCC_WARN_UNDECLARED_SELECTOR = YES;
				GCC_WARN_UNINITIALIZED_AUTOS = YES_AGGRESSIVE;
				GCC_WARN_UNUSED_FUNCTION = YES;
				GCC_WARN_UNUSED_VARIABLE = YES;
				IPHONEOS_DEPLOYMENT_TARGET = 11.1;
				MTL_ENABLE_DEBUG_INFO = NO;
				SDKROOT = iphoneos;
				SWIFT_OPTIMIZATION_LEVEL = "-Owholemodule";
				VALIDATE_PRODUCT = YES;
			};
			name = Release;
		};
		FD3134011FB504E7002BCA23 /* Debug */ = {
			isa = XCBuildConfiguration;
			baseConfigurationReference = 8EDB12539C19074B5AC36091 /* Pods-USTrustEquipmentSeller.debug.xcconfig */;
			buildSettings = {
				ASSETCATALOG_COMPILER_APPICON_NAME = AppIcon;
				CODE_SIGN_STYLE = Automatic;
				DEVELOPMENT_TEAM = 3ZW42268XU;
				INFOPLIST_FILE = USTrustEquipmentSeller/Info.plist;
				LD_RUNPATH_SEARCH_PATHS = "$(inherited) @executable_path/Frameworks";
				PRODUCT_BUNDLE_IDENTIFIER = com.ustrustconstruction.USTrustEquipmentSeller;
				PRODUCT_NAME = "$(TARGET_NAME)";
				SWIFT_VERSION = 4.0;
				TARGETED_DEVICE_FAMILY = "1,2";
			};
			name = Debug;
		};
		FD3134021FB504E7002BCA23 /* Release */ = {
			isa = XCBuildConfiguration;
			baseConfigurationReference = 48B66815514C5D2869A28116 /* Pods-USTrustEquipmentSeller.release.xcconfig */;
			buildSettings = {
				ASSETCATALOG_COMPILER_APPICON_NAME = AppIcon;
				CODE_SIGN_STYLE = Automatic;
				DEVELOPMENT_TEAM = 3ZW42268XU;
				INFOPLIST_FILE = USTrustEquipmentSeller/Info.plist;
				LD_RUNPATH_SEARCH_PATHS = "$(inherited) @executable_path/Frameworks";
				PRODUCT_BUNDLE_IDENTIFIER = com.ustrustconstruction.USTrustEquipmentSeller;
				PRODUCT_NAME = "$(TARGET_NAME)";
				SWIFT_VERSION = 4.0;
				TARGETED_DEVICE_FAMILY = "1,2";
			};
			name = Release;
		};
		FD3134041FB504E7002BCA23 /* Debug */ = {
			isa = XCBuildConfiguration;
			baseConfigurationReference = A767C92D9303633DF0E291AC /* Pods-USTrustEquipmentSellerTests.debug.xcconfig */;
			buildSettings = {
				ALWAYS_EMBED_SWIFT_STANDARD_LIBRARIES = YES;
				BUNDLE_LOADER = "$(TEST_HOST)";
				CODE_SIGN_STYLE = Automatic;
				DEVELOPMENT_TEAM = 9Q8KVW72F5;
				INFOPLIST_FILE = USTrustEquipmentSellerTests/Info.plist;
				LD_RUNPATH_SEARCH_PATHS = "$(inherited) @executable_path/Frameworks @loader_path/Frameworks";
				PRODUCT_BUNDLE_IDENTIFIER = com.ChristianMcMullin.USTrustEquipmentSellerTests;
				PRODUCT_NAME = "$(TARGET_NAME)";
				SWIFT_VERSION = 4.0;
				TARGETED_DEVICE_FAMILY = "1,2";
				TEST_HOST = "$(BUILT_PRODUCTS_DIR)/USTrustEquipmentSeller.app/USTrustEquipmentSeller";
			};
			name = Debug;
		};
		FD3134051FB504E7002BCA23 /* Release */ = {
			isa = XCBuildConfiguration;
			baseConfigurationReference = 5C275AE25E2F63BB3CF30F5A /* Pods-USTrustEquipmentSellerTests.release.xcconfig */;
			buildSettings = {
				ALWAYS_EMBED_SWIFT_STANDARD_LIBRARIES = YES;
				BUNDLE_LOADER = "$(TEST_HOST)";
				CODE_SIGN_STYLE = Automatic;
				DEVELOPMENT_TEAM = 9Q8KVW72F5;
				INFOPLIST_FILE = USTrustEquipmentSellerTests/Info.plist;
				LD_RUNPATH_SEARCH_PATHS = "$(inherited) @executable_path/Frameworks @loader_path/Frameworks";
				PRODUCT_BUNDLE_IDENTIFIER = com.ChristianMcMullin.USTrustEquipmentSellerTests;
				PRODUCT_NAME = "$(TARGET_NAME)";
				SWIFT_VERSION = 4.0;
				TARGETED_DEVICE_FAMILY = "1,2";
				TEST_HOST = "$(BUILT_PRODUCTS_DIR)/USTrustEquipmentSeller.app/USTrustEquipmentSeller";
			};
			name = Release;
		};
		FD3134071FB504E7002BCA23 /* Debug */ = {
			isa = XCBuildConfiguration;
			baseConfigurationReference = D4E40B0CFDE04CC15C2A6A35 /* Pods-USTrustEquipmentSellerUITests.debug.xcconfig */;
			buildSettings = {
				ALWAYS_EMBED_SWIFT_STANDARD_LIBRARIES = YES;
				CODE_SIGN_STYLE = Automatic;
				DEVELOPMENT_TEAM = 9Q8KVW72F5;
				INFOPLIST_FILE = USTrustEquipmentSellerUITests/Info.plist;
				LD_RUNPATH_SEARCH_PATHS = "$(inherited) @executable_path/Frameworks @loader_path/Frameworks";
				PRODUCT_BUNDLE_IDENTIFIER = com.ChristianMcMullin.USTrustEquipmentSellerUITests;
				PRODUCT_NAME = "$(TARGET_NAME)";
				SWIFT_VERSION = 4.0;
				TARGETED_DEVICE_FAMILY = "1,2";
				TEST_TARGET_NAME = USTrustEquipmentSeller;
			};
			name = Debug;
		};
		FD3134081FB504E7002BCA23 /* Release */ = {
			isa = XCBuildConfiguration;
			baseConfigurationReference = 45D672E1F278B0E64DDD84B0 /* Pods-USTrustEquipmentSellerUITests.release.xcconfig */;
			buildSettings = {
				ALWAYS_EMBED_SWIFT_STANDARD_LIBRARIES = YES;
				CODE_SIGN_STYLE = Automatic;
				DEVELOPMENT_TEAM = 9Q8KVW72F5;
				INFOPLIST_FILE = USTrustEquipmentSellerUITests/Info.plist;
				LD_RUNPATH_SEARCH_PATHS = "$(inherited) @executable_path/Frameworks @loader_path/Frameworks";
				PRODUCT_BUNDLE_IDENTIFIER = com.ChristianMcMullin.USTrustEquipmentSellerUITests;
				PRODUCT_NAME = "$(TARGET_NAME)";
				SWIFT_VERSION = 4.0;
				TARGETED_DEVICE_FAMILY = "1,2";
				TEST_TARGET_NAME = USTrustEquipmentSeller;
			};
			name = Release;
		};
/* End XCBuildConfiguration section */

/* Begin XCConfigurationList section */
		FD3133D31FB504E7002BCA23 /* Build configuration list for PBXProject "USTrustEquipmentSeller" */ = {
			isa = XCConfigurationList;
			buildConfigurations = (
				FD3133FE1FB504E7002BCA23 /* Debug */,
				FD3133FF1FB504E7002BCA23 /* Release */,
			);
			defaultConfigurationIsVisible = 0;
			defaultConfigurationName = Release;
		};
		FD3134001FB504E7002BCA23 /* Build configuration list for PBXNativeTarget "USTrustEquipmentSeller" */ = {
			isa = XCConfigurationList;
			buildConfigurations = (
				FD3134011FB504E7002BCA23 /* Debug */,
				FD3134021FB504E7002BCA23 /* Release */,
			);
			defaultConfigurationIsVisible = 0;
			defaultConfigurationName = Release;
		};
		FD3134031FB504E7002BCA23 /* Build configuration list for PBXNativeTarget "USTrustEquipmentSellerTests" */ = {
			isa = XCConfigurationList;
			buildConfigurations = (
				FD3134041FB504E7002BCA23 /* Debug */,
				FD3134051FB504E7002BCA23 /* Release */,
			);
			defaultConfigurationIsVisible = 0;
			defaultConfigurationName = Release;
		};
		FD3134061FB504E7002BCA23 /* Build configuration list for PBXNativeTarget "USTrustEquipmentSellerUITests" */ = {
			isa = XCConfigurationList;
			buildConfigurations = (
				FD3134071FB504E7002BCA23 /* Debug */,
				FD3134081FB504E7002BCA23 /* Release */,
			);
			defaultConfigurationIsVisible = 0;
			defaultConfigurationName = Release;
		};
/* End XCConfigurationList section */
	};
	rootObject = FD3133D01FB504E7002BCA23 /* Project object */;
}
